# THIS IS AN AUTOGENERATED FILE. DO NOT EDIT THIS FILE DIRECTLY.
# yarn lockfile v1


"@biomejs/biome@2.4.13":
  version "2.4.13"
  resolved "https://registry.yarnpkg.com/@biomejs/biome/-/biome-2.4.13.tgz#0b2aba2e7da656e89101ad640ec8609230cfa846"
  integrity sha512-gLXOwkOBBg0tr7bDsqlkIh4uFeKuMjxvqsrb1Tukww1iDmHcfr4Uu8MoQxp0Rcte+69+osRNWXwHsu/zxT6XqA==
  optionalDependencies:
    "@biomejs/cli-darwin-arm64" "2.4.13"
    "@biomejs/cli-darwin-x64" "2.4.13"
    "@biomejs/cli-linux-arm64" "2.4.13"
    "@biomejs/cli-linux-arm64-musl" "2.4.13"
    "@biomejs/cli-linux-x64" "2.4.13"
    "@biomejs/cli-linux-x64-musl" "2.4.13"
    "@biomejs/cli-win32-arm64" "2.4.13"
    "@biomejs/cli-win32-x64" "2.4.13"

"@biomejs/cli-darwin-arm64@2.4.13":
  version "2.4.13"
  resolved "https://registry.yarnpkg.com/@biomejs/cli-darwin-arm64/-/cli-darwin-arm64-2.4.13.tgz#3873a231d78f219fff4d4ae427232eb347e49574"
  integrity sha512-2KImO1jhNFBa2oWConyr0x6flxbQpGKv6902uGXpYM62Xyem8U80j441SyUJ8KyngsmKbQjeIv1q2CQfDkNnYg==

"@biomejs/cli-darwin-x64@2.4.13":
  version "2.4.13"
  resolved "https://registry.yarnpkg.com/@biomejs/cli-darwin-x64/-/cli-darwin-x64-2.4.13.tgz#dea76c1bbff010e85835cfa4d1e272ccf6b32a2f"
  integrity sha512-BKrJklbaFN4p1Ts4kPBczo+PkbsHQg57kmJ+vON9u2t6uN5okYHaSr7h/MutPCWQgg2lglaWoSmm+zhYW+oOkg==

"@biomejs/cli-linux-arm64-musl@2.4.13":
  version "2.4.13"
  resolved "https://registry.yarnpkg.com/@biomejs/cli-linux-arm64-musl/-/cli-linux-arm64-musl-2.4.13.tgz#03911f80fedc202e5b96363e7f4582752c1cbc3f"
  integrity sha512-U5MsuBQW25dXaYtqWWSPM3P96H6Y+fHuja3TQpMNnylocHW0tEbtFTDlUj6oM+YJLntvEkQy4grBvQNUD4+RCg==

"@biomejs/cli-linux-arm64@2.4.13":
  version "2.4.13"
  resolved "https://registry.yarnpkg.com/@biomejs/cli-linux-arm64/-/cli-linux-arm64-2.4.13.tgz#51aad20b4df93c08225f4627da9cfd7408e2affc"
  integrity sha512-NzkUDSqfvMBrPplKgVr3aXLHZ2NEELvvF4vZxXulEylKWIGqlvNEcwUcj9OLrn75TD3lJ/GIqCVlBwd1MZCuYQ==

"@biomejs/cli-linux-x64-musl@2.4.13":
  version "2.4.13"
  resolved "https://registry.yarnpkg.com/@biomejs/cli-linux-x64-musl/-/cli-linux-x64-musl-2.4.13.tgz#24b61df96b9593662955183d94480dfcccf70aba"
  integrity sha512-Z601MienRgTBDza/+u2CH3RSrWoXo9rtr8NK6A4KJzqGgfxx+H3VlyLgTJ4sRo40T3pIsqpTmiOQEvYzQvBRvQ==

"@biomejs/cli-linux-x64@2.4.13":
  version "2.4.13"
  resolved "https://registry.yarnpkg.com/@biomejs/cli-linux-x64/-/cli-linux-x64-2.4.13.tgz#aa80440a42000b1757bfd0af7ffe77becc219042"
  integrity sha512-Az3ZZedYRBo9EQzNnD9SxFcR1G5QsGo6VEc2hIyVPZ1rdKwee/7E9oeBBZFpE8Z44ekxsDQBqbiWGW5ShOhUSQ==

"@biomejs/cli-win32-arm64@2.4.13":
  version "2.4.13"
  resolved "https://registry.yarnpkg.com/@biomejs/cli-win32-arm64/-/cli-win32-arm64-2.4.13.tgz#8fdaa4cfe0ea479e220541a4fd7e7fd83718b465"
  integrity sha512-Px9PS2B5/Q183bUwy/5VHqp3J2lzdOCeVGzMpphYfl8oSa7VDCqenBdqWpy6DCy/en4Rbf/Y1RieZF6dJPcc9A==

"@biomejs/cli-win32-x64@2.4.13":
  version "2.4.13"
  resolved "https://registry.yarnpkg.com/@biomejs/cli-win32-x64/-/cli-win32-x64-2.4.13.tgz#e3ae4900abd495160c460da02ed4f9a01f29f7c7"
  integrity sha512-tTcMkXyBrmHi9BfrD2VNHs/5rYIUKETqsBlYOvSAABwBkJhSDVb5e7wPukftsQbO3WzQkXe6kaztC6WtUOXSoQ==

"@esbuild/aix-ppc64@0.27.7":
  version "0.27.7"
  resolved "https://registry.yarnpkg.com/@esbuild/aix-ppc64/-/aix-ppc64-0.27.7.tgz#82b74f92aa78d720b714162939fb248c90addf53"
  integrity sha512-EKX3Qwmhz1eMdEJokhALr0YiD0lhQNwDqkPYyPhiSwKrh7/4KRjQc04sZ8db+5DVVnZ1LmbNDI1uAMPEUBnQPg==

"@esbuild/aix-ppc64@0.28.0":
  version "0.28.0"
  resolved "https://registry.yarnpkg.com/@esbuild/aix-ppc64/-/aix-ppc64-0.28.0.tgz#7a289c158e29cbf59ea0afc83cc80f06d1c89402"
  integrity sha512-lhRUCeuOyJQURhTxl4WkpFTjIsbDayJHih5kZC1giwE+MhIzAb7mEsQMqMf18rHLsrb5qI1tafG20mLxEWcWlA==

"@esbuild/android-arm64@0.27.7":
  version "0.27.7"
  resolved "https://registry.yarnpkg.com/@esbuild/android-arm64/-/android-arm64-0.27.7.tgz#f78cb8a3121fc205a53285adb24972db385d185d"
  integrity sha512-62dPZHpIXzvChfvfLJow3q5dDtiNMkwiRzPylSCfriLvZeq0a1bWChrGx/BbUbPwOrsWKMn8idSllklzBy+dgQ==

"@esbuild/android-arm64@0.28.0":
  version "0.28.0"
  resolved "https://registry.yarnpkg.com/@esbuild/android-arm64/-/android-arm64-0.28.0.tgz#b8828d9edfa3a92660644eb8de6e4f3c203d7b17"
  integrity sha512-+WzIXQOSaGs33tLEgYPYe/yQHf0WTU0X42Jca3y8NWMbUVhp7rUnw+vAsRC/QiDrdD31IszMrZy+qwPOPjd+rw==

"@esbuild/android-arm@0.27.7":
  version "0.27.7"
  resolved "https://registry.yarnpkg.com/@esbuild/android-arm/-/android-arm-0.27.7.tgz#593e10a1450bbfcac6cb321f61f468453bac209d"
  integrity sha512-jbPXvB4Yj2yBV7HUfE2KHe4GJX51QplCN1pGbYjvsyCZbQmies29EoJbkEc+vYuU5o45AfQn37vZlyXy4YJ8RQ==

"@esbuild/android-arm@0.28.0":
  version "0.28.0"
  resolved "https://registry.yarnpkg.com/@esbuild/android-arm/-/android-arm-0.28.0.tgz#5ec1847605e05b5dbe5df90db9ff7e3e4c58dca7"
  integrity sha512-wqh0ByljabXLKHeWXYLqoJ5jKC4XBaw6Hk08OfMrCRd2nP2ZQ5eleDZC41XHyCNgktBGYMbqnrJKq/K/lzPMSQ==

"@esbuild/android-x64@0.27.7":
  version "0.27.7"
  resolved "https://registry.yarnpkg.com/@esbuild/android-x64/-/android-x64-0.27.7.tgz#453143d073326033d2d22caf9e48de4bae274b07"
  integrity sha512-x5VpMODneVDb70PYV2VQOmIUUiBtY3D3mPBG8NxVk5CogneYhkR7MmM3yR/uMdITLrC1ml/NV1rj4bMJuy9MCg==

"@esbuild/android-x64@0.28.0":
  version "0.28.0"
  resolved "https://registry.yarnpkg.com/@esbuild/android-x64/-/android-x64-0.28.0.tgz#390642175b88ef82bad4cce03f8ab13fe9b1912e"
  integrity sha512-+VJggoaKhk2VNNqVL7f6S189UzShHC/mR9EE8rDdSkdpN0KflSwWY/gWjDrNxxisg8Fp1ZCD9jLMo4m0OUfeUA==

"@esbuild/darwin-arm64@0.27.7":
  version "0.27.7"
  resolved "https://registry.yarnpkg.com/@esbuild/darwin-arm64/-/darwin-arm64-0.27.7.tgz#6f23000fb9b40b7e04b7d0606c0693bd0632f322"
  integrity sha512-5lckdqeuBPlKUwvoCXIgI2D9/ABmPq3Rdp7IfL70393YgaASt7tbju3Ac+ePVi3KDH6N2RqePfHnXkaDtY9fkw==

"@esbuild/darwin-arm64@0.28.0":
  version "0.28.0"
  resolved "https://registry.yarnpkg.com/@esbuild/darwin-arm64/-/darwin-arm64-0.28.0.tgz#ae45325960d5950cd6951e4f97396f4e1ff7d8d3"
  integrity sha512-0T+A9WZm+bZ84nZBtk1ckYsOvyA3x7e2Acj1KdVfV4/2tdG4fzUp91YHx+GArWLtwqp77pBXVCPn2We7Letr0Q==

"@esbuild/darwin-x64@0.27.7":
  version "0.27.7"
  resolved "https://registry.yarnpkg.com/@esbuild/darwin-x64/-/darwin-x64-0.27.7.tgz#27393dd18bb1263c663979c5f1576e00c2d024be"
  integrity sha512-rYnXrKcXuT7Z+WL5K980jVFdvVKhCHhUwid+dDYQpH+qu+TefcomiMAJpIiC2EM3Rjtq0sO3StMV/+3w3MyyqQ==

"@esbuild/darwin-x64@0.28.0":
  version "0.28.0"
  resolved "https://registry.yarnpkg.com/@esbuild/darwin-x64/-/darwin-x64-0.28.0.tgz#c079247d589b6b99449659d94f06951b84bff2e4"
  integrity sha512-fyzLm/DLDl/84OCfp2f/XQ4flmORsjU7VKt8HLjvIXChJoFFOIL6pLJPH4Yhd1n1gGFF9mPwtlN5Wf82DZs+LQ==

"@esbuild/freebsd-arm64@0.27.7":
  version "0.27.7"
  resolved "https://registry.yarnpkg.com/@esbuild/freebsd-arm64/-/freebsd-arm64-0.27.7.tgz#22e4638fa502d1c0027077324c97640e3adf3a62"
  integrity sha512-B48PqeCsEgOtzME2GbNM2roU29AMTuOIN91dsMO30t+Ydis3z/3Ngoj5hhnsOSSwNzS+6JppqWsuhTp6E82l2w==

"@esbuild/freebsd-arm64@0.28.0":
  version "0.28.0"
  resolved "https://registry.yarnpkg.com/@esbuild/freebsd-arm64/-/freebsd-arm64-0.28.0.tgz#45c456215a486593c94900297202dc11c880a37a"
  integrity sha512-l9GeW5UZBT9k9brBYI+0WDffcRxgHQD8ShN2Ur4xWq/NFzUKm3k5lsH4PdaRgb2w7mI9u61nr2gI2mLI27Nh3Q==

"@esbuild/freebsd-x64@0.27.7":
  version "0.27.7"
  resolved "https://registry.yarnpkg.com/@esbuild/freebsd-x64/-/freebsd-x64-0.27.7.tgz#9224b8e4fea924ce2194e3efc3e9aebf822192d6"
  integrity sha512-jOBDK5XEjA4m5IJK3bpAQF9/Lelu/Z9ZcdhTRLf4cajlB+8VEhFFRjWgfy3M1O4rO2GQ/b2dLwCUGpiF/eATNQ==

"@esbuild/freebsd-x64@0.28.0":
  version "0.28.0"
  resolved "https://registry.yarnpkg.com/@esbuild/freebsd-x64/-/freebsd-x64-0.28.0.tgz#0399494c1c85e4388e9b7040bd60d48f2a5b0d2c"
  integrity sha512-BXoQai/A0wPO6Es3yFJ7APCiKGc1tdAEOgeTNy3SsB491S3aHn4S4r3e976eUnPdU+NbdtmBuLncYir2tMU9Nw==

"@esbuild/linux-arm64@0.27.7":
  version "0.27.7"
  resolved "https://registry.yarnpkg.com/@esbuild/linux-arm64/-/linux-arm64-0.27.7.tgz#4f5d1c27527d817b35684ae21419e57c2bda0966"
  integrity sha512-RZPHBoxXuNnPQO9rvjh5jdkRmVizktkT7TCDkDmQ0W2SwHInKCAV95GRuvdSvA7w4VMwfCjUiPwDi0ZO6Nfe9A==

"@esbuild/linux-arm64@0.28.0":
  version "0.28.0"
  resolved "https://registry.yarnpkg.com/@esbuild/linux-arm64/-/linux-arm64-0.28.0.tgz#d6d9f09ef0de54116bf459a4d53cac7e0952fe39"
  integrity sha512-RVyzfb3FWsGA55n6WY0MEIEPURL1FcbhFE6BffZEMEekfCzCIMtB5yyDcFnVbTnwk+CLAgTujmV/Lgvih56W+A==

"@esbuild/linux-arm@0.27.7":
  version "0.27.7"
  resolved "https://registry.yarnpkg.com/@esbuild/linux-arm/-/linux-arm-0.27.7.tgz#b9e9d070c8c1c0449cf12b20eac37d70a4595921"
  integrity sha512-RkT/YXYBTSULo3+af8Ib0ykH8u2MBh57o7q/DAs3lTJlyVQkgQvlrPTnjIzzRPQyavxtPtfg0EopvDyIt0j1rA==

"@esbuild/linux-arm@0.28.0":
  version "0.28.0"
  resolved "https://registry.yarnpkg.com/@esbuild/linux-arm/-/linux-arm-0.28.0.tgz#7b42ffa84c288ae94fdc431c1b28a89e3c3b9278"
  integrity sha512-CjaaREJagqJp7iTaNQjjidaNbCKYcd4IDkzbwwxtSvjI7NZm79qiHc8HqciMddQ6CKvJT6aBd8lO9kN/ZudLlw==

"@esbuild/linux-ia32@0.27.7":
  version "0.27.7"
  resolved "https://registry.yarnpkg.com/@esbuild/linux-ia32/-/linux-ia32-0.27.7.tgz#3f80fb696aa96051a94047f35c85b08b21c36f9e"
  integrity sha512-GA48aKNkyQDbd3KtkplYWT102C5sn/EZTY4XROkxONgruHPU72l+gW+FfF8tf2cFjeHaRbWpOYa/uRBz/Xq1Pg==

"@esbuild/linux-ia32@0.28.0":
  version "0.28.0"
  resolved "https://registry.yarnpkg.com/@esbuild/linux-ia32/-/linux-ia32-0.28.0.tgz#deb15d112ed8dd605346b6b953d23a21ff81253f"
  integrity sha512-KBnSTt1kxl9x70q+ydterVdl+Cn0H18ngRMRCEQfrbqdUuntQQ0LoMZv47uB97NljZFzY6HcfqEZ2SAyIUTQBQ==

"@esbuild/linux-loong64@0.27.7":
  version "0.27.7"
  resolved "https://registry.yarnpkg.com/@esbuild/linux-loong64/-/linux-loong64-0.27.7.tgz#9be1f2c28210b13ebb4156221bba356fe1675205"
  integrity sha512-a4POruNM2oWsD4WKvBSEKGIiWQF8fZOAsycHOt6JBpZ+JN2n2JH9WAv56SOyu9X5IqAjqSIPTaJkqN8F7XOQ5Q==

"@esbuild/linux-loong64@0.28.0":
  version "0.28.0"
  resolved "https://registry.yarnpkg.com/@esbuild/linux-loong64/-/linux-loong64-0.28.0.tgz#81fb89d07eecc79b157dea61033757726fce0ca4"
  integrity sha512-zpSlUce1mnxzgBADvxKXX5sl8aYQHo2ezvMNI8I0lbblJtp8V4odlm3Yzlj7gPyt3T8ReksE6bK+pT3WD+aJRg==

"@esbuild/linux-mips64el@0.27.7":
  version "0.27.7"
  resolved "https://registry.yarnpkg.com/@esbuild/linux-mips64el/-/linux-mips64el-0.27.7.tgz#4ab5ee67a3dfcbcb5e8fd7883dae6e735b1163b8"
  integrity sha512-KabT5I6StirGfIz0FMgl1I+R1H73Gp0ofL9A3nG3i/cYFJzKHhouBV5VWK1CSgKvVaG4q1RNpCTR2LuTVB3fIw==

"@esbuild/linux-mips64el@0.28.0":
  version "0.28.0"
  resolved "https://registry.yarnpkg.com/@esbuild/linux-mips64el/-/linux-mips64el-0.28.0.tgz#d0e42691b3ff7af9fb2217b70fc01f343bdb62bb"
  integrity sha512-2jIfP6mmjkdmeTlsX/9vmdmhBmKADrWqN7zcdtHIeNSCH1SqIoNI63cYsjQR8J+wGa4Y5izRcSHSm8K3QWmk3w==

"@esbuild/linux-ppc64@0.27.7":
  version "0.27.7"
  resolved "https://registry.yarnpkg.com/@esbuild/linux-ppc64/-/linux-ppc64-0.27.7.tgz#dac78c689f6499459c4321e5c15032c12307e7ea"
  integrity sha512-gRsL4x6wsGHGRqhtI+ifpN/vpOFTQtnbsupUF5R5YTAg+y/lKelYR1hXbnBdzDjGbMYjVJLJTd2OFmMewAgwlQ==

"@esbuild/linux-ppc64@0.28.0":
  version "0.28.0"
  resolved "https://registry.yarnpkg.com/@esbuild/linux-ppc64/-/linux-ppc64-0.28.0.tgz#389f3e5e98f17d477c467cc87136e1a076eead87"
  integrity sha512-bc0FE9wWeC0WBm49IQMPSPILRocGTQt3j5KPCA8os6VprfuJ7KD+5PzESSrJ6GmPIPJK965ZJHTUlSA6GNYEhg==

"@esbuild/linux-riscv64@0.27.7":
  version "0.27.7"
  resolved "https://registry.yarnpkg.com/@esbuild/linux-riscv64/-/linux-riscv64-0.27.7.tgz#050f7d3b355c3a98308e935bc4d6325da91b0027"
  integrity sha512-hL25LbxO1QOngGzu2U5xeXtxXcW+/GvMN3ejANqXkxZ/opySAZMrc+9LY/WyjAan41unrR3YrmtTsUpwT66InQ==

"@esbuild/linux-riscv64@0.28.0":
  version "0.28.0"
  resolved "https://registry.yarnpkg.com/@esbuild/linux-riscv64/-/linux-riscv64-0.28.0.tgz#763bd60d59b242be12da1e67d5729f3024c605fa"
  integrity sha512-SQPZOwoTTT/HXFXQJG/vBX8sOFagGqvZyXcgLA3NhIqcBv1BJU1d46c0rGcrij2B56Z2rNiSLaZOYW5cUk7yLQ==

"@esbuild/linux-s390x@0.27.7":
  version "0.27.7"
  resolved "https://registry.yarnpkg.com/@esbuild/linux-s390x/-/linux-s390x-0.27.7.tgz#d61f715ce61d43fe5844ad0d8f463f88cbe4fef6"
  integrity sha512-2k8go8Ycu1Kb46vEelhu1vqEP+UeRVj2zY1pSuPdgvbd5ykAw82Lrro28vXUrRmzEsUV0NzCf54yARIK8r0fdw==

"@esbuild/linux-s390x@0.28.0":
  version "0.28.0"
  resolved "https://registry.yarnpkg.com/@esbuild/linux-s390x/-/linux-s390x-0.28.0.tgz#aac6061634872e4677de693bce8030d73b1fd055"
  integrity sha512-SCfR0HN8CEEjnYnySJTd2cw0k9OHB/YFzt5zgJEwa+wL/T/raGWYMBqwDNAC6dqFKmJYZoQBRfHjgwLHGSrn3Q==

"@esbuild/linux-x64@0.27.7":
  version "0.27.7"
  resolved "https://registry.yarnpkg.com/@esbuild/linux-x64/-/linux-x64-0.27.7.tgz#ca8e1aa478fc8209257bf3ac8f79c4dc2982f32a"
  integrity sha512-hzznmADPt+OmsYzw1EE33ccA+HPdIqiCRq7cQeL1Jlq2gb1+OyWBkMCrYGBJ+sxVzve2ZJEVeePbLM2iEIZSxA==

"@esbuild/linux-x64@0.28.0":
  version "0.28.0"
  resolved "https://registry.yarnpkg.com/@esbuild/linux-x64/-/linux-x64-0.28.0.tgz#4f2917747188fe77632bcec65b2d84b422419779"
  integrity sha512-us0dSb9iFxIi8srnpl931Nvs65it/Jd2a2K3qs7fz2WfGPHqzfzZTfec7oxZJRNPXPnNYZtanmRc4AL/JwVzHQ==

"@esbuild/netbsd-arm64@0.27.7":
  version "0.27.7"
  resolved "https://registry.yarnpkg.com/@esbuild/netbsd-arm64/-/netbsd-arm64-0.27.7.tgz#1650f2c1b948deeb3ef948f2fc30614723c09690"
  integrity sha512-b6pqtrQdigZBwZxAn1UpazEisvwaIDvdbMbmrly7cDTMFnw/+3lVxxCTGOrkPVnsYIosJJXAsILG9XcQS+Yu6w==

"@esbuild/netbsd-arm64@0.28.0":
  version "0.28.0"
  resolved "https://registry.yarnpkg.com/@esbuild/netbsd-arm64/-/netbsd-arm64-0.28.0.tgz#814df0ae57a0c386814491b8397eeba82094a947"
  integrity sha512-CR/RYotgtCKwtftMwJlUU7xCVNg3lMYZ0RzTmAHSfLCXw3NtZtNpswLEj/Kkf6kEL3Gw+BpOekRX0BYCtklhUw==

"@esbuild/netbsd-x64@0.27.7":
  version "0.27.7"
  resolved "https://registry.yarnpkg.com/@esbuild/netbsd-x64/-/netbsd-x64-0.27.7.tgz#65772ab342c4b3319bf0705a211050aac1b6e320"
  integrity sha512-OfatkLojr6U+WN5EDYuoQhtM+1xco+/6FSzJJnuWiUw5eVcicbyK3dq5EeV/QHT1uy6GoDhGbFpprUiHUYggrw==

"@esbuild/netbsd-x64@0.28.0":
  version "0.28.0"
  resolved "https://registry.yarnpkg.com/@esbuild/netbsd-x64/-/netbsd-x64-0.28.0.tgz#e01bdf7e60fa1a08e46d46d960b0d9bb8ac210af"
  integrity sha512-nU1yhmYutL+fQ71Kxnhg8uEOdC0pwEW9entHykTgEbna2pw2dkbFSMeqjjyHZoCmt8SBkOSvV+yNmm94aUrrqw==

"@esbuild/openbsd-arm64@0.27.7":
  version "0.27.7"
  resolved "https://registry.yarnpkg.com/@esbuild/openbsd-arm64/-/openbsd-arm64-0.27.7.tgz#37ed7cfa66549d7955852fce37d0c3de4e715ea1"
  integrity sha512-AFuojMQTxAz75Fo8idVcqoQWEHIXFRbOc1TrVcFSgCZtQfSdc1RXgB3tjOn/krRHENUB4j00bfGjyl2mJrU37A==

"@esbuild/openbsd-arm64@0.28.0":
  version "0.28.0"
  resolved "https://registry.yarnpkg.com/@esbuild/openbsd-arm64/-/openbsd-arm64-0.28.0.tgz#4a15c36aacca68d2d5a4c90b710c06759f4c1ffa"
  integrity sha512-cXb5vApOsRsxsEl4mcZ1XY3D4DzcoMxR/nnc4IyqYs0rTI8ZKmW6kyyg+11Z8yvgMfAEldKzP7AdP64HnSC/6g==

"@esbuild/openbsd-x64@0.27.7":
  version "0.27.7"
  resolved "https://registry.yarnpkg.com/@esbuild/openbsd-x64/-/openbsd-x64-0.27.7.tgz#01bf3d385855ef50cb33db7c4b52f957c34cd179"
  integrity sha512-+A1NJmfM8WNDv5CLVQYJ5PshuRm/4cI6WMZRg1by1GwPIQPCTs1GLEUHwiiQGT5zDdyLiRM/l1G0Pv54gvtKIg==

"@esbuild/openbsd-x64@0.28.0":
  version "0.28.0"
  resolved "https://registry.yarnpkg.com/@esbuild/openbsd-x64/-/openbsd-x64-0.28.0.tgz#475e6101498a8ecce3008d7c388111d7a27c17bd"
  integrity sha512-8wZM2qqtv9UP3mzy7HiGYNH/zjTA355mpeuA+859TyR+e+Tc08IHYpLJuMsfpDJwoLo1ikIJI8jC3GFjnRClzA==

"@esbuild/openharmony-arm64@0.27.7":
  version "0.27.7"
  resolved "https://registry.yarnpkg.com/@esbuild/openharmony-arm64/-/openharmony-arm64-0.27.7.tgz#6c1f94b34086599aabda4eac8f638294b9877410"
  integrity sha512-+KrvYb/C8zA9CU/g0sR6w2RBw7IGc5J2BPnc3dYc5VJxHCSF1yNMxTV5LQ7GuKteQXZtspjFbiuW5/dOj7H4Yw==

"@esbuild/openharmony-arm64@0.28.0":
  version "0.28.0"
  resolved "https://registry.yarnpkg.com/@esbuild/openharmony-arm64/-/openharmony-arm64-0.28.0.tgz#cfdc3957f0b7a69f1bde129aad17fcc2f6fa033e"
  integrity sha512-FLGfyizszcef5C3YtoyQDACyg95+dndv79i2EekILBofh5wpCa1KuBqOWKrEHZg3zrL3t5ouE5jgr94vA+Wb2w==

"@esbuild/sunos-x64@0.27.7":
  version "0.27.7"
  resolved "https://registry.yarnpkg.com/@esbuild/sunos-x64/-/sunos-x64-0.27.7.tgz#4b0dd17ae0a6941d2d0fd35a906392517071a90d"
  integrity sha512-ikktIhFBzQNt/QDyOL580ti9+5mL/YZeUPKU2ivGtGjdTYoqz6jObj6nOMfhASpS4GU4Q/Clh1QtxWAvcYKamA==

"@esbuild/sunos-x64@0.28.0":
  version "0.28.0"
  resolved "https://registry.yarnpkg.com/@esbuild/sunos-x64/-/sunos-x64-0.28.0.tgz#a013c856fecacd1c3aec985c8afe1d1cb017497d"
  integrity sha512-1ZgjUoEdHZZl/YlV76TSCz9Hqj9h9YmMGAgAPYd+q4SicWNX3G5GCyx9uhQWSLcbvPW8Ni7lj4gDa1T40akdlw==

"@esbuild/win32-arm64@0.27.7":
  version "0.27.7"
  resolved "https://registry.yarnpkg.com/@esbuild/win32-arm64/-/win32-arm64-0.27.7.tgz#34193ab5565d6ff68ca928ac04be75102ccb2e77"
  integrity sha512-7yRhbHvPqSpRUV7Q20VuDwbjW5kIMwTHpptuUzV+AA46kiPze5Z7qgt6CLCK3pWFrHeNfDd1VKgyP4O+ng17CA==

"@esbuild/win32-arm64@0.28.0":
  version "0.28.0"
  resolved "https://registry.yarnpkg.com/@esbuild/win32-arm64/-/win32-arm64-0.28.0.tgz#eae05e0f35271cad3898b43168d3e9a3bbaf47e5"
  integrity sha512-Q9StnDmQ/enxnpxCCLSg0oo4+34B9TdXpuyPeTedN/6+iXBJ4J+zwfQI28u/Jl40nOYAxGoNi7mFP40RUtkmUA==

"@esbuild/win32-ia32@0.27.7":
  version "0.27.7"
  resolved "https://registry.yarnpkg.com/@esbuild/win32-ia32/-/win32-ia32-0.27.7.tgz#eb67f0e4482515d8c1894ede631c327a4da9fc4d"
  integrity sha512-SmwKXe6VHIyZYbBLJrhOoCJRB/Z1tckzmgTLfFYOfpMAx63BJEaL9ExI8x7v0oAO3Zh6D/Oi1gVxEYr5oUCFhw==

"@esbuild/win32-ia32@0.28.0":
  version "0.28.0"
  resolved "https://registry.yarnpkg.com/@esbuild/win32-ia32/-/win32-ia32-0.28.0.tgz#06161ebc5bf75c08d69feb3c6b22560515913998"
  integrity sha512-zF3ag/gfiCe6U2iczcRzSYJKH1DCI+ByzSENHlM2FcDbEeo5Zd2C86Aq0tKUYAJJ1obRP84ymxIAksZUcdztHA==

"@esbuild/win32-x64@0.27.7":
  version "0.27.7"
  resolved "https://registry.yarnpkg.com/@esbuild/win32-x64/-/win32-x64-0.27.7.tgz#8fe30b3088b89b4873c3a6cc87597ae3920c0a8b"
  integrity sha512-56hiAJPhwQ1R4i+21FVF7V8kSD5zZTdHcVuRFMW0hn753vVfQN8xlx4uOPT4xoGH0Z/oVATuR82AiqSTDIpaHg==

"@esbuild/win32-x64@0.28.0":
  version "0.28.0"
  resolved "https://registry.yarnpkg.com/@esbuild/win32-x64/-/win32-x64-0.28.0.tgz#04d90d5752b4ce65d2b6ac25eba08ff7624fe07c"
  integrity sha512-pEl1bO9mfAmIC+tW5btTmrKaujg3zGtUmWNdCw/xs70FBjwAL3o9OEKNHvNmnyylD6ubxUERiEhdsL0xBQ9efw==

"@fastify/ajv-compiler@^4.0.5":
  version "4.0.5"
  resolved "https://registry.yarnpkg.com/@fastify/ajv-compiler/-/ajv-compiler-4.0.5.tgz#fdb0887a7af51abaae8c1829e8099d34f8ddd302"
  integrity sha512-KoWKW+MhvfTRWL4qrhUwAAZoaChluo0m0vbiJlGMt2GXvL4LVPQEjt8kSpHI3IBq5Rez8fg+XeH3cneztq+C7A==
  dependencies:
    ajv "^8.12.0"
    ajv-formats "^3.0.1"
    fast-uri "^3.0.0"

"@fastify/error@^4.0.0":
  version "4.2.0"
  resolved "https://registry.yarnpkg.com/@fastify/error/-/error-4.2.0.tgz#d40f46ba75f541fdcc4dc276b7308bbc8e8e6d7a"
  integrity sha512-RSo3sVDXfHskiBZKBPRgnQTtIqpi/7zhJOEmAxCiBcM7d0uwdGdxLlsCaLzGs8v8NnxIRlfG0N51p5yFaOentQ==

"@fastify/fast-json-stringify-compiler@^5.0.0":
  version "5.0.3"
  resolved "https://registry.yarnpkg.com/@fastify/fast-json-stringify-compiler/-/fast-json-stringify-compiler-5.0.3.tgz#fae495bf30dbbd029139839ec5c2ea111bde7d3f"
  integrity sha512-uik7yYHkLr6fxd8hJSZ8c+xF4WafPK+XzneQDPU+D10r5X19GW8lJcom2YijX2+qtFF1ENJlHXKFM9ouXNJYgQ==
  dependencies:
    fast-json-stringify "^6.0.0"

"@fastify/forwarded@^3.0.0":
  version "3.0.1"
  resolved "https://registry.yarnpkg.com/@fastify/forwarded/-/forwarded-3.0.1.tgz#9662b7bd4a59f6d123cc3487494f75f635c32d23"
  integrity sha512-JqDochHFqXs3C3Ml3gOY58zM7OqO9ENqPo0UqAjAjH8L01fRZqwX9iLeX34//kiJubF7r2ZQHtBRU36vONbLlw==

"@fastify/merge-json-schemas@^0.2.0":
  version "0.2.1"
  resolved "https://registry.yarnpkg.com/@fastify/merge-json-schemas/-/merge-json-schemas-0.2.1.tgz#3aa30d2f0c81a8ac5995b6d94ed4eaa2c3055824"
  integrity sha512-OA3KGBCy6KtIvLf8DINC5880o5iBlDX4SxzLQS8HorJAbqluzLRn80UXU0bxZn7UOFhFgpRJDasfwn9nG4FG4A==
  dependencies:
    dequal "^2.0.3"

"@fastify/proxy-addr@^5.0.0":
  version "5.1.0"
  resolved "https://registry.yarnpkg.com/@fastify/proxy-addr/-/proxy-addr-5.1.0.tgz#f5360b5dd83c7de3d41b415be4aab84ae44aa106"
  integrity sha512-INS+6gh91cLUjB+PVHfu1UqcB76Sqtpyp7bnL+FYojhjygvOPA9ctiD/JDKsyD9Xgu4hUhCSJBPig/w7duNajw==
  dependencies:
    "@fastify/forwarded" "^3.0.0"
    ipaddr.js "^2.1.0"

"@pinojs/redact@^0.4.0":
  version "0.4.0"
  resolved "https://registry.yarnpkg.com/@pinojs/redact/-/redact-0.4.0.tgz#c3de060dd12640dcc838516aa2a6803cc7b2e9d6"
  integrity sha512-k2ENnmBugE/rzQfEcdWHcCY+/FM3VLzH9cYEsbdsoqrvzAKRhUZeRNhAZvB8OitQJ1TBed3yqWtdjzS6wJKBwg==

"@prisma/client@6.6.0":
  version "6.6.0"
  resolved "https://registry.yarnpkg.com/@prisma/client/-/client-6.6.0.tgz#21e8cf507091b6cffc8453970f782cb6adef0004"
  integrity sha512-vfp73YT/BHsWWOAuthKQ/1lBgESSqYqAWZEYyTdGXyFAHpmewwWL2Iz6ErIzkj4aHbuc6/cGSsE6ZY+pBO04Cg==

"@prisma/config@6.6.0":
  version "6.6.0"
  resolved "https://registry.yarnpkg.com/@prisma/config/-/config-6.6.0.tgz#ad945b707f613d0abe3164cf2341a6b14eebf93e"
  integrity sha512-d8FlXRHsx72RbN8nA2QCRORNv5AcUnPXgtPvwhXmYkQSMF/j9cKaJg+9VcUzBRXGy9QBckNzEQDEJZdEOZ+ubA==
  dependencies:
    esbuild ">=0.12 <1"
    esbuild-register "3.6.0"

"@prisma/debug@6.6.0":
  version "6.6.0"
  resolved "https://registry.yarnpkg.com/@prisma/debug/-/debug-6.6.0.tgz#150bbbda5e9f665c08eed6c4c394cda38bb70cce"
  integrity sha512-DL6n4IKlW5k2LEXzpN60SQ1kP/F6fqaCgU/McgaYsxSf43GZ8lwtmXLke9efS+L1uGmrhtBUP4npV/QKF8s2ZQ==

"@prisma/engines-version@6.6.0-53.f676762280b54cd07c770017ed3711ddde35f37a":
  version "6.6.0-53.f676762280b54cd07c770017ed3711ddde35f37a"
  resolved "https://registry.yarnpkg.com/@prisma/engines-version/-/engines-version-6.6.0-53.f676762280b54cd07c770017ed3711ddde35f37a.tgz#2fd4327901d9496ffacbaecd9c53bad7c41cadda"
  integrity sha512-JzRaQ5Em1fuEcbR3nUsMNYaIYrOT1iMheenjCvzZblJcjv/3JIuxXN7RCNT5i6lRkLodW5ojCGhR7n5yvnNKrw==

"@prisma/engines@6.6.0":
  version "6.6.0"
  resolved "https://registry.yarnpkg.com/@prisma/engines/-/engines-6.6.0.tgz#ef4ae4a9ba0cdf72878a60114d173fc463787bc8"
  integrity sha512-nC0IV4NHh7500cozD1fBoTwTD1ydJERndreIjpZr/S3mno3P6tm8qnXmIND5SwUkibNeSJMpgl4gAnlqJ/gVlg==
  dependencies:
    "@prisma/debug" "6.6.0"
    "@prisma/engines-version" "6.6.0-53.f676762280b54cd07c770017ed3711ddde35f37a"
    "@prisma/fetch-engine" "6.6.0"
    "@prisma/get-platform" "6.6.0"

"@prisma/fetch-engine@6.6.0":
  version "6.6.0"
  resolved "https://registry.yarnpkg.com/@prisma/fetch-engine/-/fetch-engine-6.6.0.tgz#1b947add9a950b479bb275bf987ef596ad4f94ca"
  integrity sha512-Ohfo8gKp05LFLZaBlPUApM0M7k43a0jmo86YY35u1/4t+vuQH9mRGU7jGwVzGFY3v+9edeb/cowb1oG4buM1yw==
  dependencies:
    "@prisma/debug" "6.6.0"
    "@prisma/engines-version" "6.6.0-53.f676762280b54cd07c770017ed3711ddde35f37a"
    "@prisma/get-platform" "6.6.0"

"@prisma/get-platform@6.6.0":
  version "6.6.0"
  resolved "https://registry.yarnpkg.com/@prisma/get-platform/-/get-platform-6.6.0.tgz#ebe905a3f0a5e8b3a43dcf08206fd73034af5f0b"
  integrity sha512-3qCwmnT4Jh5WCGUrkWcc6VZaw0JY7eWN175/pcb5Z6FiLZZ3ygY93UX0WuV41bG51a6JN/oBH0uywJ90Y+V5eA==
  dependencies:
    "@prisma/debug" "6.6.0"

"@types/node@^25.6.0":
  version "25.6.0"
  resolved "https://registry.yarnpkg.com/@types/node/-/node-25.6.0.tgz#4e09bad9b469871f2d0f68140198cbd714f4edca"
  integrity sha512-+qIYRKdNYJwY3vRCZMdJbPLJAtGjQBudzZzdzwQYkEPQd+PJGixUL5QfvCLDaULoLv+RhT3LDkwEfKaAkgSmNQ==
  dependencies:
    undici-types "~7.19.0"

abstract-logging@^2.0.1:
  version "2.0.1"
  resolved "https://registry.yarnpkg.com/abstract-logging/-/abstract-logging-2.0.1.tgz#6b0c371df212db7129b57d2e7fcf282b8bf1c839"
  integrity sha512-2BjRTZxTPvheOvGbBslFSYOUkr+SjPtOnrLP33f+VIWLzezQpZcqVg7ja3L4dBXmzzgwT+a029jRx5PCi3JuiA==

ajv-formats@^3.0.1:
  version "3.0.1"
  resolved "https://registry.yarnpkg.com/ajv-formats/-/ajv-formats-3.0.1.tgz#3d5dc762bca17679c3c2ea7e90ad6b7532309578"
  integrity sha512-8iUql50EUR+uUcdRQ3HDqa6EVyo3docL8g5WJ3FNcWmu62IbkGUue/pEyLBW8VGKKucTPgqeks4fIU1DA4yowQ==
  dependencies:
    ajv "^8.0.0"

ajv@^8.0.0, ajv@^8.12.0:
  version "8.20.0"
  resolved "https://registry.yarnpkg.com/ajv/-/ajv-8.20.0.tgz#304b3636add88ba7d936760dd50ece006dea95f9"
  integrity sha512-Thbli+OlOj+iMPYFBVBfJ3OmCAnaSyNn4M1vz9T6Gka5Jt9ba/HIR56joy65tY6kx/FCF5VXNB819Y7/GUrBGA==
  dependencies:
    fast-deep-equal "^3.1.3"
    fast-uri "^3.0.1"
    json-schema-traverse "^1.0.0"
    require-from-string "^2.0.2"

atomic-sleep@^1.0.0:
  version "1.0.0"
  resolved "https://registry.yarnpkg.com/atomic-sleep/-/atomic-sleep-1.0.0.tgz#eb85b77a601fc932cfe432c5acd364a9e2c9075b"
  integrity sha512-kNOjDqAh7px0XWNI+4QbzoiR/nTkHAWNud2uvnJquD1/x5a7EQZMJT0AczqK0Qn67oY/TTQ1LbUKajZpp3I9tQ==

avvio@^9.0.0:
  version "9.2.0"
  resolved "https://registry.yarnpkg.com/avvio/-/avvio-9.2.0.tgz#16bb653c022237d1aeb984b00d3cbe2d96b77c20"
  integrity sha512-2t/sy01ArdHHE0vRH5Hsay+RtCZt3dLPji7W7/MMOCEgze5b7SNDC4j5H6FnVgPkI1MTNFGzHdHrVXDDl7QSSQ==
  dependencies:
    "@fastify/error" "^4.0.0"
    fastq "^1.17.1"

cookie@^1.0.1:
  version "1.1.1"
  resolved "https://registry.yarnpkg.com/cookie/-/cookie-1.1.1.tgz#3bb9bdfc82369db9c2f69c93c9c3ceb310c88b3c"
  integrity sha512-ei8Aos7ja0weRpFzJnEA9UHJ/7XQmqglbRwnf2ATjcB9Wq874VKH9kfjjirM6UhU2/E5fFYadylyhFldcqSidQ==

debug@^4.3.4:
  version "4.4.3"
  resolved "https://registry.yarnpkg.com/debug/-/debug-4.4.3.tgz#c6ae432d9bd9662582fce08709b038c58e9e3d6a"
  integrity sha512-RGwwWnwQvkVfavKVt22FGLw+xYSdzARwm0ru6DhTVA3umU5hZc28V3kO4stgYryrTlLpuvgI9GiijltAjNbcqA==
  dependencies:
    ms "^2.1.3"

dequal@^2.0.3:
  version "2.0.3"
  resolved "https://registry.yarnpkg.com/dequal/-/dequal-2.0.3.tgz#2644214f1997d39ed0ee0ece72335490a7ac67be"
  integrity sha512-0je+qPKHEMohvfRTCEo3CrPG6cAzAYgmzKyxRiYSSDkS6eGJdyVJm7WaYA5ECaAD9wLB2T4EEeymA5aFVcYXCA==

dotenv@^17.4.2:
  version "17.4.2"
  resolved "https://registry.yarnpkg.com/dotenv/-/dotenv-17.4.2.tgz#c07e54a746e11eba021dd9e1047ced5afdc1c034"
  integrity sha512-nI4U3TottKAcAD9LLud4Cb7b2QztQMUEfHbvhTH09bqXTxnSie8WnjPALV/WMCrJZ6UV/qHJ6L03OqO3LcdYZw==

esbuild-register@3.6.0:
  version "3.6.0"
  resolved "https://registry.yarnpkg.com/esbuild-register/-/esbuild-register-3.6.0.tgz#cf270cfa677baebbc0010ac024b823cbf723a36d"
  integrity sha512-H2/S7Pm8a9CL1uhp9OvjwrBh5Pvx0H8qVOxNu8Wed9Y7qv56MPtq+GGM8RJpq6glYJn9Wspr8uw7l55uyinNeg==
  dependencies:
    debug "^4.3.4"

"esbuild@>=0.12 <1":
  version "0.28.0"
  resolved "https://registry.yarnpkg.com/esbuild/-/esbuild-0.28.0.tgz#5dee347ffb3e3874212a35a69836b077b1ce6d96"
  integrity sha512-sNR9MHpXSUV/XB4zmsFKN+QgVG82Cc7+/aaxJ8Adi8hyOac+EXptIp45QBPaVyX3N70664wRbTcLTOemCAnyqw==
  optionalDependencies:
    "@esbuild/aix-ppc64" "0.28.0"
    "@esbuild/android-arm" "0.28.0"
    "@esbuild/android-arm64" "0.28.0"
    "@esbuild/android-x64" "0.28.0"
    "@esbuild/darwin-arm64" "0.28.0"
    "@esbuild/darwin-x64" "0.28.0"
    "@esbuild/freebsd-arm64" "0.28.0"
    "@esbuild/freebsd-x64" "0.28.0"
    "@esbuild/linux-arm" "0.28.0"
    "@esbuild/linux-arm64" "0.28.0"
    "@esbuild/linux-ia32" "0.28.0"
    "@esbuild/linux-loong64" "0.28.0"
    "@esbuild/linux-mips64el" "0.28.0"
    "@esbuild/linux-ppc64" "0.28.0"
    "@esbuild/linux-riscv64" "0.28.0"
    "@esbuild/linux-s390x" "0.28.0"
    "@esbuild/linux-x64" "0.28.0"
    "@esbuild/netbsd-arm64" "0.28.0"
    "@esbuild/netbsd-x64" "0.28.0"
    "@esbuild/openbsd-arm64" "0.28.0"
    "@esbuild/openbsd-x64" "0.28.0"
    "@esbuild/openharmony-arm64" "0.28.0"
    "@esbuild/sunos-x64" "0.28.0"
    "@esbuild/win32-arm64" "0.28.0"
    "@esbuild/win32-ia32" "0.28.0"
    "@esbuild/win32-x64" "0.28.0"

esbuild@~0.27.0:
  version "0.27.7"
  resolved "https://registry.yarnpkg.com/esbuild/-/esbuild-0.27.7.tgz#bcadce22b2f3fd76f257e3a64f83a64986fea11f"
  integrity sha512-IxpibTjyVnmrIQo5aqNpCgoACA/dTKLTlhMHihVHhdkxKyPO1uBBthumT0rdHmcsk9uMonIWS0m4FljWzILh3w==
  optionalDependencies:
    "@esbuild/aix-ppc64" "0.27.7"
    "@esbuild/android-arm" "0.27.7"
    "@esbuild/android-arm64" "0.27.7"
    "@esbuild/android-x64" "0.27.7"
    "@esbuild/darwin-arm64" "0.27.7"
    "@esbuild/darwin-x64" "0.27.7"
    "@esbuild/freebsd-arm64" "0.27.7"
    "@esbuild/freebsd-x64" "0.27.7"
    "@esbuild/linux-arm" "0.27.7"
    "@esbuild/linux-arm64" "0.27.7"
    "@esbuild/linux-ia32" "0.27.7"
    "@esbuild/linux-loong64" "0.27.7"
    "@esbuild/linux-mips64el" "0.27.7"
    "@esbuild/linux-ppc64" "0.27.7"
    "@esbuild/linux-riscv64" "0.27.7"
    "@esbuild/linux-s390x" "0.27.7"
    "@esbuild/linux-x64" "0.27.7"
    "@esbuild/netbsd-arm64" "0.27.7"
    "@esbuild/netbsd-x64" "0.27.7"
    "@esbuild/openbsd-arm64" "0.27.7"
    "@esbuild/openbsd-x64" "0.27.7"
    "@esbuild/openharmony-arm64" "0.27.7"
    "@esbuild/sunos-x64" "0.27.7"
    "@esbuild/win32-arm64" "0.27.7"
    "@esbuild/win32-ia32" "0.27.7"
    "@esbuild/win32-x64" "0.27.7"

fast-decode-uri-component@^1.0.1:
  version "1.0.1"
  resolved "https://registry.yarnpkg.com/fast-decode-uri-component/-/fast-decode-uri-component-1.0.1.tgz#46f8b6c22b30ff7a81357d4f59abfae938202543"
  integrity sha512-WKgKWg5eUxvRZGwW8FvfbaH7AXSh2cL+3j5fMGzUMCxWBJ3dV3a7Wz8y2f/uQ0e3B6WmodD3oS54jTQ9HVTIIg==

fast-deep-equal@^3.1.3:
  version "3.1.3"
  resolved "https://registry.yarnpkg.com/fast-deep-equal/-/fast-deep-equal-3.1.3.tgz#3a7d56b559d6cbc3eb512325244e619a65c6c525"
  integrity sha512-f3qQ9oQy9j2AhBe/H9VC91wLmKBCCU/gDOnKNAYG5hswO7BLKj09Hc5HYNz9cGI++xlpDCIgDaitVs03ATR84Q==

fast-json-stringify@^6.0.0:
  version "6.3.0"
  resolved "https://registry.yarnpkg.com/fast-json-stringify/-/fast-json-stringify-6.3.0.tgz#e59f2fbd558842d7ec085276444d15e6500c16d4"
  integrity sha512-oRCntNDY/329HJPlmdNLIdogNtt6Vyjb1WuT01Soss3slIdyUp8kAcDU3saQTOquEK8KFVfwIIF7FebxUAu+yA==
  dependencies:
    "@fastify/merge-json-schemas" "^0.2.0"
    ajv "^8.12.0"
    ajv-formats "^3.0.1"
    fast-uri "^3.0.0"
    json-schema-ref-resolver "^3.0.0"
    rfdc "^1.2.0"

fast-querystring@^1.0.0:
  version "1.1.2"
  resolved "https://registry.yarnpkg.com/fast-querystring/-/fast-querystring-1.1.2.tgz#a6d24937b4fc6f791b4ee31dcb6f53aeafb89f53"
  integrity sha512-g6KuKWmFXc0fID8WWH0jit4g0AGBoJhCkJMb1RmbsSEUNvQ+ZC8D6CUZ+GtF8nMzSPXnhiePyyqqipzNNEnHjg==
  dependencies:
    fast-decode-uri-component "^1.0.1"

fast-uri@^3.0.0, fast-uri@^3.0.1:
  version "3.1.0"
  resolved "https://registry.yarnpkg.com/fast-uri/-/fast-uri-3.1.0.tgz#66eecff6c764c0df9b762e62ca7edcfb53b4edfa"
  integrity sha512-iPeeDKJSWf4IEOasVVrknXpaBV0IApz/gp7S2bb7Z4Lljbl2MGJRqInZiUrQwV16cpzw/D3S5j5Julj/gT52AA==

fastify@^5.8.5:
  version "5.8.5"
  resolved "https://registry.yarnpkg.com/fastify/-/fastify-5.8.5.tgz#c452224295e0ca550bcd0efc3f7d3e90e9c11955"
  integrity sha512-Yqptv59pQzPgQUSIm87hMqHJmdkb1+GPxdE6vW6FRyVE9G86mt7rOghitiU4JHRaTyDUk9pfeKmDeu70lAwM4Q==
  dependencies:
    "@fastify/ajv-compiler" "^4.0.5"
    "@fastify/error" "^4.0.0"
    "@fastify/fast-json-stringify-compiler" "^5.0.0"
    "@fastify/proxy-addr" "^5.0.0"
    abstract-logging "^2.0.1"
    avvio "^9.0.0"
    fast-json-stringify "^6.0.0"
    find-my-way "^9.0.0"
    light-my-request "^6.0.0"
    pino "^9.14.0 || ^10.1.0"
    process-warning "^5.0.0"
    rfdc "^1.3.1"
    secure-json-parse "^4.0.0"
    semver "^7.6.0"
    toad-cache "^3.7.0"

fastq@^1.17.1:
  version "1.20.1"
  resolved "https://registry.yarnpkg.com/fastq/-/fastq-1.20.1.tgz#ca750a10dc925bc8b18839fd203e3ef4b3ced675"
  integrity sha512-GGToxJ/w1x32s/D2EKND7kTil4n8OVk/9mycTc4VDza13lOvpUZTGX3mFSCtV9ksdGBVzvsyAVLM6mHFThxXxw==
  dependencies:
    reusify "^1.0.4"

find-my-way@^9.0.0:
  version "9.5.0"
  resolved "https://registry.yarnpkg.com/find-my-way/-/find-my-way-9.5.0.tgz#3e6819bf4310b5293f490c032e70be0b506d0dc8"
  integrity sha512-VW2RfnmscZO5KgBY5XVyKREMW5nMZcxDy+buTOsL+zIPnBlbKm+00sgzoQzq1EVh4aALZLfKdwv6atBGcjvjrQ==
  dependencies:
    fast-deep-equal "^3.1.3"
    fast-querystring "^1.0.0"
    safe-regex2 "^5.0.0"

fsevents@2.3.3, fsevents@~2.3.3:
  version "2.3.3"
  resolved "https://registry.yarnpkg.com/fsevents/-/fsevents-2.3.3.tgz#cac6407785d03675a2a5e1a5305c697b347d90d6"
  integrity sha512-5xoDfX+fL7faATnagmWPpbFtwh/R77WmMMqqHGS65C3vvB0YHrgF+B1YmZ3441tMj5n63k0212XNoJwzlhffQw==

get-tsconfig@^4.7.5:
  version "4.14.0"
  resolved "https://registry.yarnpkg.com/get-tsconfig/-/get-tsconfig-4.14.0.tgz#985d85c52a9903864280ccc2448d413fbf1efed8"
  integrity sha512-yTb+8DXzDREzgvYmh6s9vHsSVCHeC0G3PI5bEXNBHtmshPnO+S5O7qgLEOn0I5QvMy6kpZN8K1NKGyilLb93wA==
  dependencies:
    resolve-pkg-maps "^1.0.0"

ipaddr.js@^2.1.0:
  version "2.3.0"
  resolved "https://registry.yarnpkg.com/ipaddr.js/-/ipaddr.js-2.3.0.tgz#71dce70e1398122208996d1c22f2ba46a24b1abc"
  integrity sha512-Zv/pA+ciVFbCSBBjGfaKUya/CcGmUHzTydLMaTwrUUEM2DIEO3iZvueGxmacvmN50fGpGVKeTXpb2LcYQxeVdg==

json-schema-ref-resolver@^3.0.0:
  version "3.0.0"
  resolved "https://registry.yarnpkg.com/json-schema-ref-resolver/-/json-schema-ref-resolver-3.0.0.tgz#28f6a410122cde9238762a5e9296faa38be28708"
  integrity sha512-hOrZIVL5jyYFjzk7+y7n5JDzGlU8rfWDuYyHwGa2WA8/pcmMHezp2xsVwxrebD/Q9t8Nc5DboieySDpCp4WG4A==
  dependencies:
    dequal "^2.0.3"

json-schema-traverse@^1.0.0:
  version "1.0.0"
  resolved "https://registry.yarnpkg.com/json-schema-traverse/-/json-schema-traverse-1.0.0.tgz#ae7bcb3656ab77a73ba5c49bf654f38e6b6860e2"
  integrity sha512-NM8/P9n3XjXhIZn1lLhkFaACTOURQXjWhV4BA/RnOv8xvgqtqpAX9IO4mRQxSx1Rlo4tqzeqb0sOlruaOy3dug==

light-my-request@^6.0.0:
  version "6.6.0"
  resolved "https://registry.yarnpkg.com/light-my-request/-/light-my-request-6.6.0.tgz#c9448772323f65f33720fb5979c7841f14060add"
  integrity sha512-CHYbu8RtboSIoVsHZ6Ye4cj4Aw/yg2oAFimlF7mNvfDV192LR7nDiKtSIfCuLT7KokPSTn/9kfVLm5OGN0A28A==
  dependencies:
    cookie "^1.0.1"
    process-warning "^4.0.0"
    set-cookie-parser "^2.6.0"

ms@^2.1.3:
  version "2.1.3"
  resolved "https://registry.yarnpkg.com/ms/-/ms-2.1.3.tgz#574c8138ce1d2b5861f0b44579dbadd60c6615b2"
  integrity sha512-6FlzubTLZG3J2a/NVCAleEhjzq5oxgHyaCU9yYXvcLsvoVaHJq/s5xXI6/XXP6tz7R9xAOtHnSO/tXtF3WRTlA==

on-exit-leak-free@^2.1.0:
  version "2.1.2"
  resolved "https://registry.yarnpkg.com/on-exit-leak-free/-/on-exit-leak-free-2.1.2.tgz#fed195c9ebddb7d9e4c3842f93f281ac8dadd3b8"
  integrity sha512-0eJJY6hXLGf1udHwfNftBqH+g73EU4B504nZeKpz1sYRKafAghwxEJunB2O7rDZkL4PGfsMVnTXZ2EjibbqcsA==

pino-abstract-transport@^3.0.0:
  version "3.0.0"
  resolved "https://registry.yarnpkg.com/pino-abstract-transport/-/pino-abstract-transport-3.0.0.tgz#b21e5f33a297e8c4c915c62b3ce5dd4a87a52c23"
  integrity sha512-wlfUczU+n7Hy/Ha5j9a/gZNy7We5+cXp8YL+X+PG8S0KXxw7n/JXA3c46Y0zQznIJ83URJiwy7Lh56WLokNuxg==
  dependencies:
    split2 "^4.0.0"

pino-std-serializers@^7.0.0:
  version "7.1.0"
  resolved "https://registry.yarnpkg.com/pino-std-serializers/-/pino-std-serializers-7.1.0.tgz#a7b0cd65225f29e92540e7853bd73b07479893fc"
  integrity sha512-BndPH67/JxGExRgiX1dX0w1FvZck5Wa4aal9198SrRhZjH3GxKQUKIBnYJTdj2HDN3UQAS06HlfcSbQj2OHmaw==

"pino@^9.14.0 || ^10.1.0":
  version "10.3.1"
  resolved "https://registry.yarnpkg.com/pino/-/pino-10.3.1.tgz#6552c8f8d8481844c9e452e7bf0be90bff1939ce"
  integrity sha512-r34yH/GlQpKZbU1BvFFqOjhISRo1MNx1tWYsYvmj6KIRHSPMT2+yHOEb1SG6NMvRoHRF0a07kCOox/9yakl1vg==
  dependencies:
    "@pinojs/redact" "^0.4.0"
    atomic-sleep "^1.0.0"
    on-exit-leak-free "^2.1.0"
    pino-abstract-transport "^3.0.0"
    pino-std-serializers "^7.0.0"
    process-warning "^5.0.0"
    quick-format-unescaped "^4.0.3"
    real-require "^0.2.0"
    safe-stable-stringify "^2.3.1"
    sonic-boom "^4.0.1"
    thread-stream "^4.0.0"

prisma@6.6.0:
  version "6.6.0"
  resolved "https://registry.yarnpkg.com/prisma/-/prisma-6.6.0.tgz#5443374b5a6968f37468d0d501ca1babb7aa8fcd"
  integrity sha512-SYCUykz+1cnl6Ugd8VUvtTQq5+j1Q7C0CtzKPjQ8JyA2ALh0EEJkMCS+KgdnvKW1lrxjtjCyJSHOOT236mENYg==
  dependencies:
    "@prisma/config" "6.6.0"
    "@prisma/engines" "6.6.0"
  optionalDependencies:
    fsevents "2.3.3"

process-warning@^4.0.0:
  version "4.0.1"
  resolved "https://registry.yarnpkg.com/process-warning/-/process-warning-4.0.1.tgz#5c1db66007c67c756e4e09eb170cdece15da32fb"
  integrity sha512-3c2LzQ3rY9d0hc1emcsHhfT9Jwz0cChib/QN89oME2R451w5fy3f0afAhERFZAwrbDU43wk12d0ORBpDVME50Q==

process-warning@^5.0.0:
  version "5.0.0"
  resolved "https://registry.yarnpkg.com/process-warning/-/process-warning-5.0.0.tgz#566e0bf79d1dff30a72d8bbbe9e8ecefe8d378d7"
  integrity sha512-a39t9ApHNx2L4+HBnQKqxxHNs1r7KF+Intd8Q/g1bUh6q0WIp9voPXJ/x0j+ZL45KF1pJd9+q2jLIRMfvEshkA==

quick-format-unescaped@^4.0.3:
  version "4.0.4"
  resolved "https://registry.yarnpkg.com/quick-format-unescaped/-/quick-format-unescaped-4.0.4.tgz#93ef6dd8d3453cbc7970dd614fad4c5954d6b5a7"
  integrity sha512-tYC1Q1hgyRuHgloV/YXs2w15unPVh8qfu/qCTfhTYamaw7fyhumKa2yGpdSo87vY32rIclj+4fWYQXUMs9EHvg==

real-require@^0.2.0:
  version "0.2.0"
  resolved "https://registry.yarnpkg.com/real-require/-/real-require-0.2.0.tgz#209632dea1810be2ae063a6ac084fee7e33fba78"
  integrity sha512-57frrGM/OCTLqLOAh0mhVA9VBMHd+9U7Zb2THMGdBUoZVOtGbJzjxsYGDJ3A9AYYCP4hn6y1TVbaOfzWtm5GFg==

require-from-string@^2.0.2:
  version "2.0.2"
  resolved "https://registry.yarnpkg.com/require-from-string/-/require-from-string-2.0.2.tgz#89a7fdd938261267318eafe14f9c32e598c36909"
  integrity sha512-Xf0nWe6RseziFMu+Ap9biiUbmplq6S9/p+7w7YXP/JBHhrUDDUhwa+vANyubuqfZWTveU//DYVGsDG7RKL/vEw==

resolve-pkg-maps@^1.0.0:
  version "1.0.0"
  resolved "https://registry.yarnpkg.com/resolve-pkg-maps/-/resolve-pkg-maps-1.0.0.tgz#616b3dc2c57056b5588c31cdf4b3d64db133720f"
  integrity sha512-seS2Tj26TBVOC2NIc2rOe2y2ZO7efxITtLZcGSOnHHNOQ7CkiUBfw0Iw2ck6xkIhPwLhKNLS8BO+hEpngQlqzw==

ret@~0.5.0:
  version "0.5.0"
  resolved "https://registry.yarnpkg.com/ret/-/ret-0.5.0.tgz#30a4d38a7e704bd96dc5ffcbe7ce2a9274c41c95"
  integrity sha512-I1XxrZSQ+oErkRR4jYbAyEEu2I0avBvvMM5JN+6EBprOGRCs63ENqZ3vjavq8fBw2+62G5LF5XelKwuJpcvcxw==

reusify@^1.0.4:
  version "1.1.0"
  resolved "https://registry.yarnpkg.com/reusify/-/reusify-1.1.0.tgz#0fe13b9522e1473f51b558ee796e08f11f9b489f"
  integrity sha512-g6QUff04oZpHs0eG5p83rFLhHeV00ug/Yf9nZM6fLeUrPguBTkTQOdpAWWspMh55TZfVQDPaN3NQJfbVRAxdIw==

rfdc@^1.2.0, rfdc@^1.3.1:
  version "1.4.1"
  resolved "https://registry.yarnpkg.com/rfdc/-/rfdc-1.4.1.tgz#778f76c4fb731d93414e8f925fbecf64cce7f6ca"
  integrity sha512-q1b3N5QkRUWUl7iyylaaj3kOpIT0N2i9MqIEQXP73GVsN9cw3fdx8X63cEmWhJGi2PPCF23Ijp7ktmd39rawIA==

safe-regex2@^5.0.0:
  version "5.1.1"
  resolved "https://registry.yarnpkg.com/safe-regex2/-/safe-regex2-5.1.1.tgz#a5f3a6e35b8d84d0f41fa22efd5b6d30b367bbc7"
  integrity sha512-mOSBvHGDZMuIEZMdOz/aCEYDCv0E7nfcNsIhUF+/P+xC7Hyf3FkvymqgPbg9D1EdSGu+uKbJgy09K/RKKc7kJA==
  dependencies:
    ret "~0.5.0"

safe-stable-stringify@^2.3.1:
  version "2.5.0"
  resolved "https://registry.yarnpkg.com/safe-stable-stringify/-/safe-stable-stringify-2.5.0.tgz#4ca2f8e385f2831c432a719b108a3bf7af42a1dd"
  integrity sha512-b3rppTKm9T+PsVCBEOUR46GWI7fdOs00VKZ1+9c1EWDaDMvjQc6tUwuFyIprgGgTcWoVHSKrU8H31ZHA2e0RHA==

secure-json-parse@^4.0.0:
  version "4.1.0"
  resolved "https://registry.yarnpkg.com/secure-json-parse/-/secure-json-parse-4.1.0.tgz#4f1ab41c67a13497ea1b9131bb4183a22865477c"
  integrity sha512-l4KnYfEyqYJxDwlNVyRfO2E4NTHfMKAWdUuA8J0yve2Dz/E/PdBepY03RvyJpssIpRFwJoCD55wA+mEDs6ByWA==

semver@^7.6.0:
  version "7.7.4"
  resolved "https://registry.yarnpkg.com/semver/-/semver-7.7.4.tgz#28464e36060e991fa7a11d0279d2d3f3b57a7e8a"
  integrity sha512-vFKC2IEtQnVhpT78h1Yp8wzwrf8CM+MzKMHGJZfBtzhZNycRFnXsHk6E5TxIkkMsgNS7mdX3AGB7x2QM2di4lA==

set-cookie-parser@^2.6.0:
  version "2.7.2"
  resolved "https://registry.yarnpkg.com/set-cookie-parser/-/set-cookie-parser-2.7.2.tgz#ccd08673a9ae5d2e44ea2a2de25089e67c7edf68"
  integrity sha512-oeM1lpU/UvhTxw+g3cIfxXHyJRc/uidd3yK1P242gzHds0udQBYzs3y8j4gCCW+ZJ7ad0yctld8RYO+bdurlvw==

sonic-boom@^4.0.1:
  version "4.2.1"
  resolved "https://registry.yarnpkg.com/sonic-boom/-/sonic-boom-4.2.1.tgz#28598250df4899c0ac572d7e2f0460690ba6a030"
  integrity sha512-w6AxtubXa2wTXAUsZMMWERrsIRAdrK0Sc+FUytWvYAhBJLyuI4llrMIC1DtlNSdI99EI86KZum2MMq3EAZlF9Q==
  dependencies:
    atomic-sleep "^1.0.0"

split2@^4.0.0:
  version "4.2.0"
  resolved "https://registry.yarnpkg.com/split2/-/split2-4.2.0.tgz#c9c5920904d148bab0b9f67145f245a86aadbfa4"
  integrity sha512-UcjcJOWknrNkF6PLX83qcHM6KHgVKNkV62Y8a5uYDVv9ydGQVwAHMKqHdJje1VTWpljG0WYpCDhrCdAOYH4TWg==

thread-stream@^4.0.0:
  version "4.0.0"
  resolved "https://registry.yarnpkg.com/thread-stream/-/thread-stream-4.0.0.tgz#732f007c24da7084f729d6e3a7e3f5934a7380b7"
  integrity sha512-4iMVL6HAINXWf1ZKZjIPcz5wYaOdPhtO8ATvZ+Xqp3BTdaqtAwQkNmKORqcIo5YkQqGXq5cwfswDwMqqQNrpJA==
  dependencies:
    real-require "^0.2.0"

toad-cache@^3.7.0:
  version "3.7.0"
  resolved "https://registry.yarnpkg.com/toad-cache/-/toad-cache-3.7.0.tgz#b9b63304ea7c45ec34d91f1d2fa513517025c441"
  integrity sha512-/m8M+2BJUpoJdgAHoG+baCwBT+tf2VraSfkBgl0Y00qIWt41DJ8R5B8nsEw0I58YwF5IZH6z24/2TobDKnqSWw==

tsx@^4.21.0:
  version "4.21.0"
  resolved "https://registry.yarnpkg.com/tsx/-/tsx-4.21.0.tgz#32aa6cf17481e336f756195e6fe04dae3e6308b1"
  integrity sha512-5C1sg4USs1lfG0GFb2RLXsdpXqBSEhAaA/0kPL01wxzpMqLILNxIxIOKiILz+cdg/pLnOUxFYOR5yhHU666wbw==
  dependencies:
    esbuild "~0.27.0"
    get-tsconfig "^4.7.5"
  optionalDependencies:
    fsevents "~2.3.3"

typescript@^6.0.3:
  version "6.0.3"
  resolved "https://registry.yarnpkg.com/typescript/-/typescript-6.0.3.tgz#90251dc007916e972786cb94d74d15b185577d21"
  integrity sha512-y2TvuxSZPDyQakkFRPZHKFm+KKVqIisdg9/CZwm9ftvKXLP8NRWj38/ODjNbr43SsoXqNuAisEf1GdCxqWcdBw==

undici-types@~7.19.0:
  version "7.19.2"
  resolved "https://registry.yarnpkg.com/undici-types/-/undici-types-7.19.2.tgz#1b67fc26d0f157a0cba3a58a5b5c1e2276b8ba2a"
  integrity sha512-qYVnV5OEm2AW8cJMCpdV20CDyaN3g0AjDlOGf1OW4iaDEx8MwdtChUp4zu4H0VP3nDRF/8RKWH+IPp9uW0YGZg==
